
Microsoft Visual Studio Solution File, Format Version 12.00
# Visual Studio Version 16
VisualStudioVersion = 16.0.30204.135
MinimumVisualStudioVersion = 10.0.40219.1
Project("{9A19103F-16F7-4668-BE54-9A1E7A4F7556}") = "GenealogyHelper", "GenealogyHelper\GenealogyHelper.csproj", "{9BF5A353-BA72-460D-ADEF-BAF40D7A3841}"
EndProject
Project("{FAE04EC0-301F-11D3-BF4B-00C04F79EFBC}") = "Test.GenealogyHelper", "Test.GenealogyHelper\Test.GenealogyHelper.csproj", "{07AC3764-238D-46A8-A987-B78EF2687DE4}"
EndProject
Global
	GlobalSection(SolutionConfigurationPlatforms) = preSolution
		Debug|Any CPU = Debug|Any CPU
		Release|Any CPU = Release|Any CPU
	EndGlobalSection
	GlobalSection(ProjectConfigurationPlatforms) = postSolution
		{9BF5A353-BA72-460D-ADEF-BAF40D7A3841}.Debug|Any CPU.ActiveCfg = Debug|Any CPU
		{9BF5A353-BA72-460D-ADEF-BAF40D7A3841}.Debug|Any CPU.Build.0 = Debug|Any CPU
		{9BF5A353-BA72-460D-ADEF-BAF40D7A3841}.Release|Any CPU.ActiveCfg = Release|Any CPU
		{9BF5A353-BA72-460D-ADEF-BAF40D7A3841}.Release|Any CPU.Build.0 = Release|Any CPU
		{07AC3764-238D-46A8-A987-B78EF2687DE4}.Debug|Any CPU.ActiveCfg = Debug|Any CPU
		{07AC3764-238D-46A8-A987-B78EF2687DE4}.Debug|Any CPU.Build.0 = Debug|Any CPU
		{07AC3764-238D-46A8-A987-B78EF2687DE4}.Release|Any CPU.ActiveCfg = Release|Any CPU
		{07AC3764-238D-46A8-A987-B78EF2687DE4}.Release|Any CPU.Build.0 = Release|Any CPU
	EndGlobalSection
	GlobalSection(SolutionProperties) = preSolution
		HideSolutionNode = FALSE
	EndGlobalSection
	GlobalSection(ExtensibilityGlobals) = postSolution
		SolutionGuid = {9BBE4AEE-4B35-4EDA-9F34-65E0D2D49B22}
	EndGlobalSection
EndGlobal
